// !$*UTF8*$!
{
	archiveVersion = 1;
	classes = {
	};
	objectVersion = 50;
	objects = {

/* Begin PBXBuildFile section */
		94BBBA8E4D8195A7288A84B3 /* Pods_munjazaty.framework in Frameworks */ = {isa = PBXBuildFile; fileRef = A81DFA3C7E8E97AB00FE2585 /* Pods_munjazaty.framework */; };
		AF29EAF321C3FC720072C208 /* resultVC.swift in Sources */ = {isa = PBXBuildFile; fileRef = AF29EAF221C3FC720072C208 /* resultVC.swift */; };
		AF2B3B9621C2DA80006399DA /* CellayaTableViewCell.swift in Sources */ = {isa = PBXBuildFile; fileRef = AF2B3B9521C2DA80006399DA /* CellayaTableViewCell.swift */; };
		AF43FC4421C2A62A003974CD /* cell.swift in Sources */ = {isa = PBXBuildFile; fileRef = AF43FC4321C2A62A003974CD /* cell.swift */; };
		AF54728821C9976F00EAE5E5 /* return_password.swift in Sources */ = {isa = PBXBuildFile; fileRef = AF54728721C9976F00EAE5E5 /* return_password.swift */; };
		AF54728B21C997A000EAE5E5 /* checkcode.swift in Sources */ = {isa = PBXBuildFile; fileRef = AF54728A21C997A000EAE5E5 /* checkcode.swift */; };
		AF54728D21C997C200EAE5E5 /* newpass.swift in Sources */ = {isa = PBXBuildFile; fileRef = AF54728C21C997C200EAE5E5 /* newpass.swift */; };
		AF54729021C9B85700EAE5E5 /* login.swift in Sources */ = {isa = PBXBuildFile; fileRef = AF54728F21C9B85700EAE5E5 /* login.swift */; };
		AF59080421C149710089A74E /* home.swift in Sources */ = {isa = PBXBuildFile; fileRef = AF59080321C149710089A74E /* home.swift */; };
		AF59080621C14A270089A74E /* callender.swift in Sources */ = {isa = PBXBuildFile; fileRef = AF59080521C14A270089A74E /* callender.swift */; };
		AFB664CE21C0B1C200365A19 /* AppDelegate.swift in Sources */ = {isa = PBXBuildFile; fileRef = AFB664CD21C0B1C200365A19 /* AppDelegate.swift */; };
		AFB664D021C0B1C200365A19 /* ViewController.swift in Sources */ = {isa = PBXBuildFile; fileRef = AFB664CF21C0B1C200365A19 /* ViewController.swift */; };
		AFB664D321C0B1C200365A19 /* Main.storyboard in Resources */ = {isa = PBXBuildFile; fileRef = AFB664D121C0B1C200365A19 /* Main.storyboard */; };
		AFB664D521C0B1C500365A19 /* Assets.xcassets in Resources */ = {isa = PBXBuildFile; fileRef = AFB664D421C0B1C500365A19 /* Assets.xcassets */; };
		AFB664D821C0B1C500365A19 /* LaunchScreen.storyboard in Resources */ = {isa = PBXBuildFile; fileRef = AFB664D621C0B1C500365A19 /* LaunchScreen.storyboard */; };
		AFDA2F7C21CA828D000B92AD /* events.swift in Sources */ = {isa = PBXBuildFile; fileRef = AFDA2F7B21CA828D000B92AD /* events.swift */; };
		AFF8127D21CA7157006DA5D5 /* Add.swift in Sources */ = {isa = PBXBuildFile; fileRef = AFF8127C21CA7157006DA5D5 /* Add.swift */; };
		AFFC3AC121CAB30000C01707 /* occation.swift in Sources */ = {isa = PBXBuildFile; fileRef = AFFC3AC021CAB30000C01707 /* occation.swift */; };
/* End PBXBuildFile section */

/* Begin PBXFileReference section */
		695AB9B1DA90EC1EE2D5E8C5 /* Pods-munjazaty.debug.xcconfig */ = {isa = PBXFileReference; includeInIndex = 1; lastKnownFileType = text.xcconfig; name = "Pods-munjazaty.debug.xcconfig"; path = "Pods/Target Support Files/Pods-munjazaty/Pods-munjazaty.debug.xcconfig"; sourceTree = "<group>"; };
		A81DFA3C7E8E97AB00FE2585 /* Pods_munjazaty.framework */ = {isa = PBXFileReference; explicitFileType = wrapper.framework; includeInIndex = 0; path = Pods_munjazaty.framework; sourceTree = BUILT_PRODUCTS_DIR; };
		AF29EAF221C3FC720072C208 /* resultVC.swift */ = {isa = PBXFileReference; lastKnownFileType = sourcecode.swift; path = resultVC.swift; sourceTree = "<group>"; };
		AF2B3B9521C2DA80006399DA /* CellayaTableViewCell.swift */ = {isa = PBXFileReference; lastKnownFileType = sourcecode.swift; path = CellayaTableViewCell.swift; sourceTree = "<group>"; };
		AF43FC4321C2A62A003974CD /* cell.swift */ = {isa = PBXFileReference; lastKnownFileType = sourcecode.swift; path = cell.swift; sourceTree = "<group>"; };
		AF54728721C9976F00EAE5E5 /* return_password.swift */ = {isa = PBXFileReference; lastKnownFileType = sourcecode.swift; path = return_password.swift; sourceTree = "<group>"; };
		AF54728A21C997A000EAE5E5 /* checkcode.swift */ = {isa = PBXFileReference; lastKnownFileType = sourcecode.swift; path = checkcode.swift; sourceTree = "<group>"; };
		AF54728C21C997C200EAE5E5 /* newpass.swift */ = {isa = PBXFileReference; lastKnownFileType = sourcecode.swift; path = newpass.swift; sourceTree = "<group>"; };
		AF54728F21C9B85700EAE5E5 /* login.swift */ = {isa = PBXFileReference; lastKnownFileType = sourcecode.swift; path = login.swift; sourceTree = "<group>"; };
		AF59080321C149710089A74E /* home.swift */ = {isa = PBXFileReference; lastKnownFileType = sourcecode.swift; path = home.swift; sourceTree = "<group>"; };
		AF59080521C14A270089A74E /* callender.swift */ = {isa = PBXFileReference; lastKnownFileType = sourcecode.swift; path = callender.swift; sourceTree = "<group>"; };
		AFB664CA21C0B1C200365A19 /* munjazaty.app */ = {isa = PBXFileReference; explicitFileType = wrapper.application; includeInIndex = 0; path = munjazaty.app; sourceTree = BUILT_PRODUCTS_DIR; };
		AFB664CD21C0B1C200365A19 /* AppDelegate.swift */ = {isa = PBXFileReference; lastKnownFileType = sourcecode.swift; path = AppDelegate.swift; sourceTree = "<group>"; };
		AFB664CF21C0B1C200365A19 /* ViewController.swift */ = {isa = PBXFileReference; lastKnownFileType = sourcecode.swift; path = ViewController.swift; sourceTree = "<group>"; };
		AFB664D221C0B1C200365A19 /* Base */ = {isa = PBXFileReference; lastKnownFileType = file.storyboard; name = Base; path = Base.lproj/Main.storyboard; sourceTree = "<group>"; };
		AFB664D421C0B1C500365A19 /* Assets.xcassets */ = {isa = PBXFileReference; lastKnownFileType = folder.assetcatalog; path = Assets.xcassets; sourceTree = "<group>"; };
		AFB664D721C0B1C500365A19 /* Base */ = {isa = PBXFileReference; lastKnownFileType = file.storyboard; name = Base; path = Base.lproj/LaunchScreen.storyboard; sourceTree = "<group>"; };
		AFB664D921C0B1C500365A19 /* Info.plist */ = {isa = PBXFileReference; lastKnownFileType = text.plist.xml; path = Info.plist; sourceTree = "<group>"; };
		AFDA2F7B21CA828D000B92AD /* events.swift */ = {isa = PBXFileReference; lastKnownFileType = sourcecode.swift; path = events.swift; sourceTree = "<group>"; };
		AFF8127C21CA7157006DA5D5 /* Add.swift */ = {isa = PBXFileReference; lastKnownFileType = sourcecode.swift; path = Add.swift; sourceTree = "<group>"; };
		AFFC3AC021CAB30000C01707 /* occation.swift */ = {isa = PBXFileReference; lastKnownFileType = sourcecode.swift; path = occation.swift; sourceTree = "<group>"; };
		EC0755060A3DAC4D12F33F65 /* Pods-munjazaty.release.xcconfig */ = {isa = PBXFileReference; includeInIndex = 1; lastKnownFileType = text.xcconfig; name = "Pods-munjazaty.release.xcconfig"; path = "Pods/Target Support Files/Pods-munjazaty/Pods-munjazaty.release.xcconfig"; sourceTree = "<group>"; };
/* End PBXFileReference section */

/* Begin PBXFrameworksBuildPhase section */
		AFB664C721C0B1C200365A19 /* Frameworks */ = {
			isa = PBXFrameworksBuildPhase;
			buildActionMask = 2147483647;
			files = (
				94BBBA8E4D8195A7288A84B3 /* Pods_munjazaty.framework in Frameworks */,
			);
			runOnlyForDeploymentPostprocessing = 0;
		};
/* End PBXFrameworksBuildPhase section */

/* Begin PBXGroup section */
		7246468975BC73D45FBBB7CF /* Pods */ = {
			isa = PBXGroup;
			children = (
				695AB9B1DA90EC1EE2D5E8C5 /* Pods-munjazaty.debug.xcconfig */,
				EC0755060A3DAC4D12F33F65 /* Pods-munjazaty.release.xcconfig */,
			);
			name = Pods;
			sourceTree = "<group>";
		};
		AF2B3B9221C2D9D4006399DA /* m */ = {
			isa = PBXGroup;
			children = (
				AFB664CD21C0B1C200365A19 /* AppDelegate.swift */,
				AF43FC4321C2A62A003974CD /* cell.swift */,
				AF2B3B9521C2DA80006399DA /* CellayaTableViewCell.swift */,
			);
			path = m;
			sourceTree = "<group>";
		};
		AF2B3B9321C2D9E1006399DA /* V */ = {
			isa = PBXGroup;
			children = (
				AFB664D421C0B1C500365A19 /* Assets.xcassets */,
				AFB664D621C0B1C500365A19 /* LaunchScreen.storyboard */,
				AFB664D121C0B1C200365A19 /* Main.storyboard */,
			);
			path = V;
			sourceTree = "<group>";
		};
		AF2B3B9421C2D9ED006399DA /* C */ = {
			isa = PBXGroup;
			children = (
				AFDA2F7A21CA8228000B92AD /* tabels */,
				AFF8127B21CA70FB006DA5D5 /* ADD */,
				AF54728E21C9B77000EAE5E5 /* login */,
				AF54728921C9977A00EAE5E5 /* password */,
				AFB664CF21C0B1C200365A19 /* ViewController.swift */,
				AF59080321C149710089A74E /* home.swift */,
				AF59080521C14A270089A74E /* callender.swift */,
				AF29EAF221C3FC720072C208 /* resultVC.swift */,
			);
			path = C;
			sourceTree = "<group>";
		};
		AF54728921C9977A00EAE5E5 /* password */ = {
			isa = PBXGroup;
			children = (
				AF54728721C9976F00EAE5E5 /* return_password.swift */,
				AF54728A21C997A000EAE5E5 /* checkcode.swift */,
				AF54728C21C997C200EAE5E5 /* newpass.swift */,
			);
			path = password;
			sourceTree = "<group>";
		};
		AF54728E21C9B77000EAE5E5 /* login */ = {
			isa = PBXGroup;
			children = (
				AF54728F21C9B85700EAE5E5 /* login.swift */,
			);
			path = login;
			sourceTree = "<group>";
		};
		AFB664C121C0B1C200365A19 = {
			isa = PBXGroup;
			children = (
				AFB664CC21C0B1C200365A19 /* munjazaty */,
				AFB664CB21C0B1C200365A19 /* Products */,
				7246468975BC73D45FBBB7CF /* Pods */,
				CFC0F37C9C66238A4DA0813A /* Frameworks */,
			);
			sourceTree = "<group>";
		};
		AFB664CB21C0B1C200365A19 /* Products */ = {
			isa = PBXGroup;
			children = (
				AFB664CA21C0B1C200365A19 /* munjazaty.app */,
			);
			name = Products;
			sourceTree = "<group>";
		};
		AFB664CC21C0B1C200365A19 /* munjazaty */ = {
			isa = PBXGroup;
			children = (
				AFB664D921C0B1C500365A19 /* Info.plist */,
				AF2B3B9421C2D9ED006399DA /* C */,
				AF2B3B9321C2D9E1006399DA /* V */,
				AF2B3B9221C2D9D4006399DA /* m */,
			);
			path = munjazaty;
			sourceTree = "<group>";
		};
		AFDA2F7A21CA8228000B92AD /* tabels */ = {
			isa = PBXGroup;
			children = (
				AFDA2F7B21CA828D000B92AD /* events.swift */,
				AFFC3AC021CAB30000C01707 /* occation.swift */,
			);
			path = tabels;
			sourceTree = "<group>";
		};
		AFF8127B21CA70FB006DA5D5 /* ADD */ = {
			isa = PBXGroup;
			children = (
				AFF8127C21CA7157006DA5D5 /* Add.swift */,
			);
			path = ADD;
			sourceTree = "<group>";
		};
		CFC0F37C9C66238A4DA0813A /* Frameworks */ = {
			isa = PBXGroup;
			children = (
				A81DFA3C7E8E97AB00FE2585 /* Pods_munjazaty.framework */,
			);
			name = Frameworks;
			sourceTree = "<group>";
		};
/* End PBXGroup section */

/* Begin PBXNativeTarget section */
		AFB664C921C0B1C200365A19 /* munjazaty */ = {
			isa = PBXNativeTarget;
			buildConfigurationList = AFB664DC21C0B1C500365A19 /* Build configuration list for PBXNativeTarget "munjazaty" */;
			buildPhases = (
				A2C3C62E4A4063AAB58AA925 /* [CP] Check Pods Manifest.lock */,
				AFB664C621C0B1C200365A19 /* Sources */,
				AFB664C721C0B1C200365A19 /* Frameworks */,
				AFB664C821C0B1C200365A19 /* Resources */,
				9A1E19924553179810B4B3B5 /* [CP] Embed Pods Frameworks */,
			);
			buildRules = (
			);
			dependencies = (
			);
			name = munjazaty;
			productName = munjazaty;
			productReference = AFB664CA21C0B1C200365A19 /* munjazaty.app */;
			productType = "com.apple.product-type.application";
		};
/* End PBXNativeTarget section */

/* Begin PBXProject section */
		AFB664C221C0B1C200365A19 /* Project object */ = {
			isa = PBXProject;
			attributes = {
				LastSwiftUpdateCheck = 1000;
				LastUpgradeCheck = 1000;
				ORGANIZATIONNAME = obada;
				TargetAttributes = {
					AFB664C921C0B1C200365A19 = {
						CreatedOnToolsVersion = 10.0;
					};
				};
			};
			buildConfigurationList = AFB664C521C0B1C200365A19 /* Build configuration list for PBXProject "munjazaty" */;
			compatibilityVersion = "Xcode 9.3";
			developmentRegion = en;
			hasScannedForEncodings = 0;
			knownRegions = (
				en,
				Base,
			);
			mainGroup = AFB664C121C0B1C200365A19;
			productRefGroup = AFB664CB21C0B1C200365A19 /* Products */;
			projectDirPath = "";
			projectRoot = "";
			targets = (
				AFB664C921C0B1C200365A19 /* munjazaty */,
			);
		};
/* End PBXProject section */

/* Begin PBXResourcesBuildPhase section */
		AFB664C821C0B1C200365A19 /* Resources */ = {
			isa = PBXResourcesBuildPhase;
			buildActionMask = 2147483647;
			files = (
				AFB664D821C0B1C500365A19 /* LaunchScreen.storyboard in Resources */,
				AFB664D521C0B1C500365A19 /* Assets.xcassets in Resources */,
				AFB664D321C0B1C200365A19 /* Main.storyboard in Resources */,
			);
			runOnlyForDeploymentPostprocessing = 0;
		};
/* End PBXResourcesBuildPhase section */

/* Begin PBXShellScriptBuildPhase section */
		9A1E19924553179810B4B3B5 /* [CP] Embed Pods Frameworks */ = {
			isa = PBXShellScriptBuildPhase;
			buildActionMask = 2147483647;
			files = (
			);
			inputFileListPaths = (
			);
			inputPaths = (
				"${SRCROOT}/Pods/Target Support Files/Pods-munjazaty/Pods-munjazaty-frameworks.sh",
				"${BUILT_PRODUCTS_DIR}/Alamofire/Alamofire.framework",
				"${BUILT_PRODUCTS_DIR}/Kingfisher/Kingfisher.framework",
				"${BUILT_PRODUCTS_DIR}/SideMenu/SideMenu.framework",
				"${BUILT_PRODUCTS_DIR}/SwiftyJSON/SwiftyJSON.framework",
			);
			name = "[CP] Embed Pods Frameworks";
			outputFileListPaths = (
			);
			outputPaths = (
				"${TARGET_BUILD_DIR}/${FRAMEWORKS_FOLDER_PATH}/Alamofire.framework",
				"${TARGET_BUILD_DIR}/${FRAMEWORKS_FOLDER_PATH}/Kingfisher.framework",
				"${TARGET_BUILD_DIR}/${FRAMEWORKS_FOLDER_PATH}/SideMenu.framework",
				"${TARGET_BUILD_DIR}/${FRAMEWORKS_FOLDER_PATH}/SwiftyJSON.framework",
			);
			runOnlyForDeploymentPostprocessing = 0;
			shellPath = /bin/sh;
			shellScript = "\"${SRCROOT}/Pods/Target Support Files/Pods-munjazaty/Pods-munjazaty-frameworks.sh\"\n";
			showEnvVarsInLog = 0;
		};
		A2C3C62E4A4063AAB58AA925 /* [CP] Check Pods Manifest.lock */ = {
			isa = PBXShellScriptBuildPhase;
			buildActionMask = 2147483647;
			files = (
			);
			inputFileListPaths = (
			);
			inputPaths = (
				"${PODS_PODFILE_DIR_PATH}/Podfile.lock",
				"${PODS_ROOT}/Manifest.lock",
			);
			name = "[CP] Check Pods Manifest.lock";
			outputFileListPaths = (
			);
			outputPaths = (
				"$(DERIVED_FILE_DIR)/Pods-munjazaty-checkManifestLockResult.txt",
			);
			runOnlyForDeploymentPostprocessing = 0;
			shellPath = /bin/sh;
			shellScript = "diff \"${PODS_PODFILE_DIR_PATH}/Podfile.lock\" \"${PODS_ROOT}/Manifest.lock\" > /dev/null\nif [ $? != 0 ] ; then\n    # print error to STDERR\n    echo \"error: The sandbox is not in sync with the Podfile.lock. Run 'pod install' or update your CocoaPods installation.\" >&2\n    exit 1\nfi\n# This output is used by Xcode 'outputs' to avoid re-running this script phase.\necho \"SUCCESS\" > \"${SCRIPT_OUTPUT_FILE_0}\"\n";
			showEnvVarsInLog = 0;
		};
/* End PBXShellScriptBuildPhase section */

/* Begin PBXSourcesBuildPhase section */
		AFB664C621C0B1C200365A19 /* Sources */ = {
			isa = PBXSourcesBuildPhase;
			buildActionMask = 2147483647;
			files = (
				AF59080621C14A270089A74E /* callender.swift in Sources */,
				AF43FC4421C2A62A003974CD /* cell.swift in Sources */,
				AF54728821C9976F00EAE5E5 /* return_password.swift in Sources */,
				AF54729021C9B85700EAE5E5 /* login.swift in Sources */,
				AF59080421C149710089A74E /* home.swift in Sources */,
				AFFC3AC121CAB30000C01707 /* occation.swift in Sources */,
				AFB664D021C0B1C200365A19 /* ViewController.swift in Sources */,
				AF54728D21C997C200EAE5E5 /* newpass.swift in Sources */,
				AFB664CE21C0B1C200365A19 /* AppDelegate.swift in Sources */,
				AF29EAF321C3FC720072C208 /* resultVC.swift in Sources */,
				AFF8127D21CA7157006DA5D5 /* Add.swift in Sources */,
				AFDA2F7C21CA828D000B92AD /* events.swift in Sources */,
				AF54728B21C997A000EAE5E5 /* checkcode.swift in Sources */,
				AF2B3B9621C2DA80006399DA /* CellayaTableViewCell.swift in Sources */,
			);
			runOnlyForDeploymentPostprocessing = 0;
		};
/* End PBXSourcesBuildPhase section */

/* Begin PBXVariantGroup section */
		AFB664D121C0B1C200365A19 /* Main.storyboard */ = {
			isa = PBXVariantGroup;
			children = (
				AFB664D221C0B1C200365A19 /* Base */,
			);
			name = Main.storyboard;
			sourceTree = "<group>";
		};
		AFB664D621C0B1C500365A19 /* LaunchScreen.storyboard */ = {
			isa = PBXVariantGroup;
			children = (
				AFB664D721C0B1C500365A19 /* Base */,
			);
			name = LaunchScreen.storyboard;
			sourceTree = "<group>";
		};
/* End PBXVariantGroup section */

/* Begin XCBuildConfiguration section */
		AFB664DA21C0B1C500365A19 /* Debug */ = {
			isa = XCBuildConfiguration;
			buildSettings = {
				ALWAYS_SEARCH_USER_PATHS = NO;
				CLANG_ANALYZER_NONNULL = YES;
				CLANG_ANALYZER_NUMBER_OBJECT_CONVERSION = YES_AGGRESSIVE;
				CLANG_CXX_LANGUAGE_STANDARD = "gnu++14";
				CLANG_CXX_LIBRARY = "libc++";
				CLANG_ENABLE_MODULES = YES;
				CLANG_ENABLE_OBJC_ARC = YES;
				CLANG_ENABLE_OBJC_WEAK = YES;
				CLANG_WARN_BLOCK_CAPTURE_AUTORELEASING = YES;
				CLANG_WARN_BOOL_CONVERSION = YES;
				CLANG_WARN_COMMA = YES;
				CLANG_WARN_CONSTANT_CONVERSION = YES;
				CLANG_WARN_DEPRECATED_OBJC_IMPLEMENTATIONS = YES;
				CLANG_WARN_DIRECT_OBJC_ISA_USAGE = YES_ERROR;
				CLANG_WARN_DOCUMENTATION_COMMENTS = YES;
				CLANG_WARN_EMPTY_BODY = YES;
				CLANG_WARN_ENUM_CONVERSION = YES;
				CLANG_WARN_INFINITE_RECURSION = YES;
				CLANG_WARN_INT_CONVERSION = YES;
				CLANG_WARN_NON_LITERAL_NULL_CONVERSION = YES;
				CLANG_WARN_OBJC_IMPLICIT_RETAIN_SELF = YES;
				CLANG_WARN_OBJC_LITERAL_CONVERSION = YES;
				CLANG_WARN_OBJC_ROOT_CLASS = YES_ERROR;
				CLANG_WARN_RANGE_LOOP_ANALYSIS = YES;
				CLANG_WARN_STRICT_PROTOTYPES = YES;
				CLANG_WARN_SUSPICIOUS_MOVE = YES;
				CLANG_WARN_UNGUARDED_AVAILABILITY = YES_AGGRESSIVE;
				CLANG_WARN_UNREACHABLE_CODE = YES;
				CLANG_WARN__DUPLICATE_METHOD_MATCH = YES;
				CODE_SIGN_IDENTITY = "iPhone Developer";
				COPY_PHASE_STRIP = NO;
				DEBUG_INFORMATION_FORMAT = dwarf;
				ENABLE_STRICT_OBJC_MSGSEND = YES;
				ENABLE_TESTABILITY = YES;
				GCC_C_LANGUAGE_STANDARD = gnu11;
				GCC_DYNAMIC_NO_PIC = NO;
				GCC_NO_COMMON_BLOCKS = YES;
				GCC_OPTIMIZATION_LEVEL = 0;
				GCC_PREPROCESSOR_DEFINITIONS = (
					"DEBUG=1",
					"$(inherited)",
				);
				GCC_WARN_64_TO_32_BIT_CONVERSION = YES;
				GCC_WARN_ABOUT_RETURN_TYPE = YES_ERROR;
				GCC_WARN_UNDECLARED_SELECTOR = YES;
				GCC_WARN_UNINITIALIZED_AUTOS = YES_AGGRESSIVE;
				GCC_WARN_UNUSED_FUNCTION = YES;
				GCC_WARN_UNUSED_VARIABLE = YES;
				IPHONEOS_DEPLOYMENT_TARGET = 12.0;
				MTL_ENABLE_DEBUG_INFO = INCLUDE_SOURCE;
				MTL_FAST_MATH = YES;
				ONLY_ACTIVE_ARCH = YES;
				SDKROOT = iphoneos;
				SWIFT_ACTIVE_COMPILATION_CONDITIONS = DEBUG;
				SWIFT_OPTIMIZATION_LEVEL = "-Onone";
			};
			name = Debug;
		};
		AFB664DB21C0B1C500365A19 /* Release */ = {
			isa = XCBuildConfiguration;
			buildSettings = {
				ALWAYS_SEARCH_USER_PATHS = NO;
				CLANG_ANALYZER_NONNULL = YES;
				CLANG_ANALYZER_NUMBER_OBJECT_CONVERSION = YES_AGGRESSIVE;
				CLANG_CXX_LANGUAGE_STANDARD = "gnu++14";
				CLANG_CXX_LIBRARY = "libc++";
				CLANG_ENABLE_MODULES = YES;
				CLANG_ENABLE_OBJC_ARC = YES;
				CLANG_ENABLE_OBJC_WEAK = YES;
				CLANG_WARN_BLOCK_CAPTURE_AUTORELEASING = YES;
				CLANG_WARN_BOOL_CONVERSION = YES;
				CLANG_WARN_COMMA = YES;
				CLANG_WARN_CONSTANT_CONVERSION = YES;
				CLANG_WARN_DEPRECATED_OBJC_IMPLEMENTATIONS = YES;
				CLANG_WARN_DIRECT_OBJC_ISA_USAGE = YES_ERROR;
				CLANG_WARN_DOCUMENTATION_COMMENTS = YES;
				CLANG_WARN_EMPTY_BODY = YES;
				CLANG_WARN_ENUM_CONVERSION = YES;
				CLANG_WARN_INFINITE_RECURSION = YES;
				CLANG_WARN_INT_CONVERSION = YES;
				CLANG_WARN_NON_LITERAL_NULL_CONVERSION = YES;
				CLANG_WARN_OBJC_IMPLICIT_RETAIN_SELF = YES;
				CLANG_WARN_OBJC_LITERAL_CONVERSION = YES;
				CLANG_WARN_OBJC_ROOT_CLASS = YES_ERROR;
				CLANG_WARN_RANGE_LOOP_ANALYSIS = YES;
				CLANG_WARN_STRICT_PROTOTYPES = YES;
				CLANG_WARN_SUSPICIOUS_MOVE = YES;
				CLANG_WARN_UNGUARDED_AVAILABILITY = YES_AGGRESSIVE;
				CLANG_WARN_UNREACHABLE_CODE = YES;
				CLANG_WARN__DUPLICATE_METHOD_MATCH = YES;
				CODE_SIGN_IDENTITY = "iPhone Developer";
				COPY_PHASE_STRIP = NO;
				DEBUG_INFORMATION_FORMAT = "dwarf-with-dsym";
				ENABLE_NS_ASSERTIONS = NO;
				ENABLE_STRICT_OBJC_MSGSEND = YES;
				GCC_C_LANGUAGE_STANDARD = gnu11;
				GCC_NO_COMMON_BLOCKS = YES;
				GCC_WARN_64_TO_32_BIT_CONVERSION = YES;
				GCC_WARN_ABOUT_RETURN_TYPE = YES_ERROR;
				GCC_WARN_UNDECLARED_SELECTOR = YES;
				GCC_WARN_UNINITIALIZED_AUTOS = YES_AGGRESSIVE;
				GCC_WARN_UNUSED_FUNCTION = YES;
				GCC_WARN_UNUSED_VARIABLE = YES;
				IPHONEOS_DEPLOYMENT_TARGET = 12.0;
				MTL_ENABLE_DEBUG_INFO = NO;
				MTL_FAST_MATH = YES;
				SDKROOT = iphoneos;
				SWIFT_COMPILATION_MODE = wholemodule;
				SWIFT_OPTIMIZATION_LEVEL = "-O";
				VALIDATE_PRODUCT = YES;
			};
			name = Release;
		};
		AFB664DD21C0B1C500365A19 /* Debug */ = {
			isa = XCBuildConfiguration;
			baseConfigurationReference = 695AB9B1DA90EC1EE2D5E8C5 /* Pods-munjazaty.debug.xcconfig */;
			buildSettings = {
				ASSETCATALOG_COMPILER_APPICON_NAME = AppIcon;
				CODE_SIGN_STYLE = Automatic;
				DEVELOPMENT_TEAM = HRC6U2DC3H;
				INFOPLIST_FILE = munjazaty/Info.plist;
				LD_RUNPATH_SEARCH_PATHS = (
					"$(inherited)",
					"@executable_path/Frameworks",
				);
				PRODUCT_BUNDLE_IDENTIFIER = freelance.munjazaty;
				PRODUCT_NAME = "$(TARGET_NAME)";
				SWIFT_VERSION = 4.2;
				TARGETED_DEVICE_FAMILY = "1,2";
			};
			name = Debug;
		};
		AFB664DE21C0B1C500365A19 /* Release */ = {
			isa = XCBuildConfiguration;
			baseConfigurationReference = EC0755060A3DAC4D12F33F65 /* Pods-munjazaty.release.xcconfig */;
			buildSettings = {
				ASSETCATALOG_COMPILER_APPICON_NAME = AppIcon;
				CODE_SIGN_STYLE = Automatic;
				DEVELOPMENT_TEAM = HRC6U2DC3H;
				INFOPLIST_FILE = munjazaty/Info.plist;
				LD_RUNPATH_SEARCH_PATHS = (
					"$(inherited)",
					"@executable_path/Frameworks",
				);
				PRODUCT_BUNDLE_IDENTIFIER = freelance.munjazaty;
				PRODUCT_NAME = "$(TARGET_NAME)";
				SWIFT_VERSION = 4.2;
				TARGETED_DEVICE_FAMILY = "1,2";
			};
			name = Release;
		};
/* End XCBuildConfiguration section */

/* Begin XCConfigurationList section */
		AFB664C521C0B1C200365A19 /* Build configuration list for PBXProject "munjazaty" */ = {
			isa = XCConfigurationList;
			buildConfigurations = (
				AFB664DA21C0B1C500365A19 /* Debug */,
				AFB664DB21C0B1C500365A19 /* Release */,
			);
			defaultConfigurationIsVisible = 0;
			defaultConfigurationName = Release;
		};
		AFB664DC21C0B1C500365A19 /* Build configuration list for PBXNativeTarget "munjazaty" */ = {
			isa = XCConfigurationList;
			buildConfigurations = (
				AFB664DD21C0B1C500365A19 /* Debug */,
				AFB664DE21C0B1C500365A19 /* Release */,
			);
			defaultConfigurationIsVisible = 0;
			defaultConfigurationName = Release;
		};
/* End XCConfigurationList section */
	};
	rootObject = AFB664C221C0B1C200365A19 /* Project object */;
}
